
Microsoft Visual Studio Solution File, Format Version 12.00
# Visual Studio Version 17
VisualStudioVersion = 17.4.33122.133
MinimumVisualStudioVersion = 10.0.40219.1
Project("{9A19103F-16F7-4668-BE54-9A1E7A4F7556}") = "CostManager.TransactionService.FuncApp", "CostManager.TransactionService.FuncApp\CostManager.TransactionService.FuncApp.csproj", "{D288E7DE-FF8E-41AA-962B-77A3D9948DEA}"
EndProject
Project("{9A19103F-16F7-4668-BE54-9A1E7A4F7556}") = "CostManager.TransactionService.Abstracts", "CostManager.TransactionService.Abstracts\CostManager.TransactionService.Abstracts.csproj", "{6BC3CE08-82C9-4662-8A7A-CEEC7BA94997}"
EndProject
Project("{9A19103F-16F7-4668-BE54-9A1E7A4F7556}") = "CostManager.TransactionService.DB", "CostManager.TransactionService.DB\CostManager.TransactionService.DB.csproj", "{9F3AC089-03D3-4A59-808C-87F3397FBB65}"
EndProject
Project("{FAE04EC0-301F-11D3-BF4B-00C04F79EFBC}") = "CostManager.TransactionService.UnitTests", "CostManager.TransactionService.UnitTests\CostManager.TransactionService.UnitTests.csproj", "{90203084-E64B-4D8E-9F92-5D48124ECEDB}"
EndProject
Global
	GlobalSection(SolutionConfigurationPlatforms) = preSolution
		Debug|Any CPU = Debug|Any CPU
		Release|Any CPU = Release|Any CPU
	EndGlobalSection
	GlobalSection(ProjectConfigurationPlatforms) = postSolution
		{D288E7DE-FF8E-41AA-962B-77A3D9948DEA}.Debug|Any CPU.ActiveCfg = Debug|Any CPU
		{D288E7DE-FF8E-41AA-962B-77A3D9948DEA}.Debug|Any CPU.Build.0 = Debug|Any CPU
		{D288E7DE-FF8E-41AA-962B-77A3D9948DEA}.Release|Any CPU.ActiveCfg = Release|Any CPU
		{D288E7DE-FF8E-41AA-962B-77A3D9948DEA}.Release|Any CPU.Build.0 = Release|Any CPU
		{6BC3CE08-82C9-4662-8A7A-CEEC7BA94997}.Debug|Any CPU.ActiveCfg = Debug|Any CPU
		{6BC3CE08-82C9-4662-8A7A-CEEC7BA94997}.Debug|Any CPU.Build.0 = Debug|Any CPU
		{6BC3CE08-82C9-4662-8A7A-CEEC7BA94997}.Release|Any CPU.ActiveCfg = Release|Any CPU
		{6BC3CE08-82C9-4662-8A7A-CEEC7BA94997}.Release|Any CPU.Build.0 = Release|Any CPU
		{9F3AC089-03D3-4A59-808C-87F3397FBB65}.Debug|Any CPU.ActiveCfg = Debug|Any CPU
		{9F3AC089-03D3-4A59-808C-87F3397FBB65}.Debug|Any CPU.Build.0 = Debug|Any CPU
		{9F3AC089-03D3-4A59-808C-87F3397FBB65}.Release|Any CPU.ActiveCfg = Release|Any CPU
		{9F3AC089-03D3-4A59-808C-87F3397FBB65}.Release|Any CPU.Build.0 = Release|Any CPU
		{90203084-E64B-4D8E-9F92-5D48124ECEDB}.Debug|Any CPU.ActiveCfg = Debug|Any CPU
		{90203084-E64B-4D8E-9F92-5D48124ECEDB}.Debug|Any CPU.Build.0 = Debug|Any CPU
		{90203084-E64B-4D8E-9F92-5D48124ECEDB}.Release|Any CPU.ActiveCfg = Release|Any CPU
		{90203084-E64B-4D8E-9F92-5D48124ECEDB}.Release|Any CPU.Build.0 = Release|Any CPU
	EndGlobalSection
	GlobalSection(SolutionProperties) = preSolution
		HideSolutionNode = FALSE
	EndGlobalSection
	GlobalSection(ExtensibilityGlobals) = postSolution
		SolutionGuid = {4420C3C4-E337-4763-B987-E2DE87677358}
	EndGlobalSection
EndGlobal
